# This file is autogenerated, do not edit; changes may be undone by the next 'dep ensure'.


[[projects]]
  name = "github.com/aws/aws-lambda-go"
  packages = ["lambda/messages"]
  revision = "fafa7e49388b8991caf99308e80655ba91816b72"
  version = "v1.1.0"

[solve-meta]
  analyzer-name = "dep"
  analyzer-version = 1
  inputs-digest = "3c793d7717a79ec1be981b49c1a1d884b15056f98188d915ec4b154f296eeceb"
  solver-name = "gps-cdcl"
  solver-version = 1
