
Microsoft Visual Studio Solution File, Format Version 12.00
# Visual Studio 15
Project("{FAE04EC0-301F-11D3-BF4B-00C04F79EFBC}") = "test", "test.csproj", "{0A83D120-2336-4F30-86F1-DC045C3C9B90}"
EndProject
Global
	GlobalSection(SolutionConfigurationPlatforms) = preSolution
		Debug|Any CPU = Debug|Any CPU
		Release|Any CPU = Release|Any CPU
	EndGlobalSection
	GlobalSection(ProjectConfigurationPlatforms) = postSolution
		{0A83D120-2336-4F30-86F1-DC045C3C9B90}.Debug|Any CPU.ActiveCfg = Debug|Any CPU
		{0A83D120-2336-4F30-86F1-DC045C3C9B90}.Debug|Any CPU.Build.0 = Debug|Any CPU
		{0A83D120-2336-4F30-86F1-DC045C3C9B90}.Release|Any CPU.ActiveCfg = Release|Any CPU
		{0A83D120-2336-4F30-86F1-DC045C3C9B90}.Release|Any CPU.Build.0 = Release|Any CPU
	EndGlobalSection
EndGlobal
