
Microsoft Visual Studio Solution File, Format Version 12.00
# Visual Studio 2017
Project("{FAE04EC0-301F-11D3-BF4B-00C04F79EFBC}") = "MockBootstraps", "MockBootstraps.csproj", "{8AD9356B-231B-4B42-B168-D06497B769AF}"
EndProject
Global
	GlobalSection(SolutionConfigurationPlatforms) = preSolution
		Debug|Any CPU = Debug|Any CPU
		Release|Any CPU = Release|Any CPU
	EndGlobalSection
	GlobalSection(ProjectConfigurationPlatforms) = postSolution
		{8AD9356B-231B-4B42-B168-D06497B769AF}.Debug|Any CPU.ActiveCfg = Debug|Any CPU
		{8AD9356B-231B-4B42-B168-D06497B769AF}.Debug|Any CPU.Build.0 = Debug|Any CPU
		{8AD9356B-231B-4B42-B168-D06497B769AF}.Release|Any CPU.ActiveCfg = Release|Any CPU
		{8AD9356B-231B-4B42-B168-D06497B769AF}.Release|Any CPU.Build.0 = Release|Any CPU
	EndGlobalSection
EndGlobal
